
Microsoft Visual Studio Solution File, Format Version 12.00
# Visual Studio Version 16
VisualStudioVersion = 16.0.31321.278
MinimumVisualStudioVersion = 10.0.40219.1
Project("{888888A0-9F3D-457C-B088-3A5042F75D52}") = "FlaskNew", "FlaskNew\FlaskNew.pyproj", "{CC01AEA1-96E6-46F1-BF26-61E9E1AE0A70}"
EndProject
Global
	GlobalSection(SolutionConfigurationPlatforms) = preSolution
		Debug|Any CPU = Debug|Any CPU
		Release|Any CPU = Release|Any CPU
	EndGlobalSection
	GlobalSection(ProjectConfigurationPlatforms) = postSolution
		{CC01AEA1-96E6-46F1-BF26-61E9E1AE0A70}.Debug|Any CPU.ActiveCfg = Debug|Any CPU
		{CC01AEA1-96E6-46F1-BF26-61E9E1AE0A70}.Debug|Any CPU.Build.0 = Debug|Any CPU
		{CC01AEA1-96E6-46F1-BF26-61E9E1AE0A70}.Release|Any CPU.ActiveCfg = Release|Any CPU
		{CC01AEA1-96E6-46F1-BF26-61E9E1AE0A70}.Release|Any CPU.Build.0 = Release|Any CPU
	EndGlobalSection
	GlobalSection(SolutionProperties) = preSolution
		HideSolutionNode = FALSE
	EndGlobalSection
	GlobalSection(ExtensibilityGlobals) = postSolution
		SolutionGuid = {4A8DF5B7-8898-431C-A61D-D74B5433A130}
	EndGlobalSection
EndGlobal
